
Microsoft Visual Studio Solution File, Format Version 12.00
# Visual Studio Version 17
VisualStudioVersion = 17.9.34723.18
MinimumVisualStudioVersion = 10.0.40219.1
Project("{FAE04EC0-301F-11D3-BF4B-00C04F79EFBC}") = "89012", "89012\89012.csproj", "{DDBCA4DF-05C0-4AE4-9A62-E7FB80CB1604}"
EndProject
Global
	GlobalSection(SolutionConfigurationPlatforms) = preSolution
		Debug|Any CPU = Debug|Any CPU
		Release|Any CPU = Release|Any CPU
	EndGlobalSection
	GlobalSection(ProjectConfigurationPlatforms) = postSolution
		{DDBCA4DF-05C0-4AE4-9A62-E7FB80CB1604}.Debug|Any CPU.ActiveCfg = Debug|Any CPU
		{DDBCA4DF-05C0-4AE4-9A62-E7FB80CB1604}.Debug|Any CPU.Build.0 = Debug|Any CPU
		{DDBCA4DF-05C0-4AE4-9A62-E7FB80CB1604}.Release|Any CPU.ActiveCfg = Release|Any CPU
		{DDBCA4DF-05C0-4AE4-9A62-E7FB80CB1604}.Release|Any CPU.Build.0 = Release|Any CPU
	EndGlobalSection
	GlobalSection(SolutionProperties) = preSolution
		HideSolutionNode = FALSE
	EndGlobalSection
	GlobalSection(ExtensibilityGlobals) = postSolution
		SolutionGuid = {94D68DB0-1894-433F-A584-542963D9E389}
	EndGlobalSection
EndGlobal
